
Microsoft Visual Studio Solution File, Format Version 11.00
# Visual Web Developer Express 2010
Project("{FAE04EC0-301F-11D3-BF4B-00C04F79EFBC}") = "Lab1", "Lab1\Lab1.csproj", "{52E32472-AC67-4051-BA3A-9CCD6A656AB6}"
EndProject
Global
	GlobalSection(SolutionConfigurationPlatforms) = preSolution
		Debug|Any CPU = Debug|Any CPU
		Release|Any CPU = Release|Any CPU
	EndGlobalSection
	GlobalSection(ProjectConfigurationPlatforms) = postSolution
		{52E32472-AC67-4051-BA3A-9CCD6A656AB6}.Debug|Any CPU.ActiveCfg = Debug|Any CPU
		{52E32472-AC67-4051-BA3A-9CCD6A656AB6}.Debug|Any CPU.Build.0 = Debug|Any CPU
		{52E32472-AC67-4051-BA3A-9CCD6A656AB6}.Release|Any CPU.ActiveCfg = Release|Any CPU
		{52E32472-AC67-4051-BA3A-9CCD6A656AB6}.Release|Any CPU.Build.0 = Release|Any CPU
	EndGlobalSection
	GlobalSection(SolutionProperties) = preSolution
		HideSolutionNode = FALSE
	EndGlobalSection
EndGlobal
